version = 1
revision = 3
requires-python = ">=3.12"

[[package]]
name = "actionlint-py"
version = "1.7.11.24"
source = { registry = "https://pypi.org/simple" }
sdist = { url = "https://files.pythonhosted.org/packages/6e/c7/9c673ac323c200d2e45579c15b78ddcdc140b1ad4918addcb0559ef7c90a/actionlint_py-1.7.11.24.tar.gz", hash = "sha256:5f6dffa97101d87f034e935c08eca6158cd46ed5b0d60c2fe65dcab3f6d4959e", size = 12055, upload-time = "2026-02-15T16:52:55.011Z" }

[[package]]
name = "ast-grep-cli"
version = "0.41.1"
source = { registry = "https://pypi.org/simple" }
sdist = { url = "https://files.pythonhosted.org/packages/78/31/239033fcb246f85c80adcca69e99bc0e19737d4338c8b5cf397054711420/ast_grep_cli-0.41.1.tar.gz", hash = "sha256:f445ce986d5cc3065cbb7e0f5018b9c39ee9308db85645efd8001142b4957fd1", size = 221381, upload-time = "2026-03-10T14:22:20.354Z" }
wheels = [
    { url = "https://files.pythonhosted.org/packages/ab/9f/a32c2976a460b6b053637209ce2764e704f31d1ccd458ac12ac7e6f88e07/ast_grep_cli-0.41.1-py3-none-macosx_10_12_x86_64.macosx_11_0_arm64.macosx_10_12_universal2.whl", hash = "sha256:2b1f732c75636b34338afd417fdd0d2ea341bf15fe36ef10fe474340ec0d16de", size = 14485986, upload-time = "2026-03-10T14:16:15.247Z" },
    { url = "https://files.pythonhosted.org/packages/74/1c/8f025e412d0cffd320a174b85f36a9e0c8af68e16db073a1c4de0d34a236/ast_grep_cli-0.41.1-py3-none-macosx_10_12_x86_64.whl", hash = "sha256:559732dcde4743c07aa270f0e94aa510ab5d74530797fcea153f222f2574893e", size = 7253198, upload-time = "2026-03-10T14:22:18.655Z" },
    { url = "https://files.pythonhosted.org/packages/99/d3/06b7443bfee65e51c94d42357d0e4c91bb2748d2aee93626257c1c984e5d/ast_grep_cli-0.41.1-py3-none-manylinux_2_28_aarch64.whl", hash = "sha256:ff06f614953fb205d9f399f20ccc25acde6b56a0f94bf996eb28d139515e8aae", size = 7105758, upload-time = "2026-03-10T14:16:11.12Z" },
    { url = "https://files.pythonhosted.org/packages/28/fb/e6cf4f609c1c42779094ce33b695c804931156b5fd889d8659cbb2e5ca73/ast_grep_cli-0.41.1-py3-none-manylinux_2_28_x86_64.whl", hash = "sha256:6bd802ea0263d1b55181925bbecbcbca78241804e37a25b05438695a62cbe42a", size = 7385569, upload-time = "2026-03-10T14:16:13.312Z" },
    { url = "https://files.pythonhosted.org/packages/7f/76/2a95b832c491d2b9f4df0826995e4e2c8fe7500b12777b3d4f861d7b1529/ast_grep_cli-0.41.1-py3-none-win32.whl", hash = "sha256:085950ba760d1140b369997e7e983c6f674ae1319484fb197b0260b9288543e3", size = 6952936, upload-time = "2026-03-10T14:16:17.439Z" },
    { url = "https://files.pythonhosted.org/packages/47/f6/276bead5b562308b9ca2ba4ed8b3e48ecdf42ab0fd3b13ee0fa0ed3aca55/ast_grep_cli-0.41.1-py3-none-win_amd64.whl", hash = "sha256:f2747eaeec0239e7d32f65c8b3a7d2357bd0312968de5e22c980707088dc27b6", size = 7415279, upload-time = "2026-03-10T14:22:17.121Z" },
    { url = "https://files.pythonhosted.org/packages/b9/4e/5af386b58d8ef3d23ed462a9c5ebb748f543414cfc68196cae876ade9fc5/ast_grep_cli-0.41.1-py3-none-win_arm64.whl", hash = "sha256:13447ac9cd5b0d3c31e5e9908e590c0bfec020e99177b0cee9b0f5ea3f6eb9c5", size = 7106431, upload-time = "2026-03-10T14:16:08.815Z" },
]

[[package]]
name = "dev-tools"
version = "0.0.0"
source = { virtual = "." }

[package.dev-dependencies]
dev = [
    { name = "actionlint-py" },
    { name = "ast-grep-cli" },
    { name = "prek" },
    { name = "ruff" },
    { name = "rumdl" },
    { name = "shellcheck-py" },
    { name = "zizmor" },
]

[package.metadata]

[package.metadata.requires-dev]
dev = [
    { name = "actionlint-py", specifier = "==1.7.11.24" },
    { name = "ast-grep-cli", specifier = "==0.41.1" },
    { name = "prek", specifier = "==0.3.5" },
    { name = "ruff", specifier = "==0.15.6" },
    { name = "rumdl", specifier = "==0.1.47" },
    { name = "shellcheck-py", specifier = "==0.11.0.1" },
    { name = "zizmor", specifier = "==1.23.1" },
]

[[package]]
name = "prek"
version = "0.3.5"
source = { registry = "https://pypi.org/simple" }
sdist = { url = "https://files.pythonhosted.org/packages/46/d6/277e002e56eeab3a9d48f1ca4cc067d249d6326fc1783b770d70ad5ae2be/prek-0.3.5.tar.gz", hash = "sha256:ca40b6685a4192256bc807f32237af94bf9b8799c0d708b98735738250685642", size = 374806, upload-time = "2026-03-09T10:35:18.842Z" }
wheels = [
    { url = "https://files.pythonhosted.org/packages/8f/a9/16dd8d3a50362ebccffe58518af1f1f571c96f0695d7fcd8bbd386585f58/prek-0.3.5-py3-none-linux_armv6l.whl", hash = "sha256:44b3e12791805804f286d103682b42a84e0f98a2687faa37045e9d3375d3d73d", size = 5105604, upload-time = "2026-03-09T10:35:00.332Z" },
    { url = "https://files.pythonhosted.org/packages/e4/74/bc6036f5bf03860cda66ab040b32737e54802b71a81ec381839deb25df9e/prek-0.3.5-py3-none-macosx_10_12_x86_64.whl", hash = "sha256:e3cb451cc51ac068974557491beb4c7d2d41dfde29ed559c1694c8ce23bf53e8", size = 5506155, upload-time = "2026-03-09T10:35:17.64Z" },
    { url = "https://files.pythonhosted.org/packages/02/d9/a3745c2a10509c63b6a118ada766614dd705efefd08f275804d5c807aa4a/prek-0.3.5-py3-none-macosx_11_0_arm64.whl", hash = "sha256:ad8f5f0d8da53dc94d00b76979af312b3dacccc9dcbc6417756c5dca3633c052", size = 5100383, upload-time = "2026-03-09T10:35:13.302Z" },
    { url = "https://files.pythonhosted.org/packages/43/8e/de965fc515d39309a332789cd3778161f7bc80cde15070bedf17f9f8cb93/prek-0.3.5-py3-none-manylinux_2_17_aarch64.manylinux2014_aarch64.musllinux_1_1_aarch64.whl", hash = "sha256:4511e15d34072851ac88e4b2006868fbe13655059ad941d7a0ff9ee17138fd9f", size = 5334913, upload-time = "2026-03-09T10:35:14.813Z" },
    { url = "https://files.pythonhosted.org/packages/3f/8c/44f07e8940256059cfd82520e3cbe0764ab06ddb4aa43148465db00b39ad/prek-0.3.5-py3-none-manylinux_2_17_armv7l.manylinux2014_armv7l.whl", hash = "sha256:fcc0b63b8337e2046f51267facaac63ba755bc14aad53991840a5eccba3e5c28", size = 5033825, upload-time = "2026-03-09T10:35:06.976Z" },
    { url = "https://files.pythonhosted.org/packages/94/85/3ff0f96881ff2360c212d310ff23c3cf5a15b223d34fcfa8cdcef203be69/prek-0.3.5-py3-none-manylinux_2_17_i686.manylinux2014_i686.whl", hash = "sha256:f5fc0d78c3896a674aeb8247a83bbda7efec85274dbdfbc978ceff8d37e4ed20", size = 5438586, upload-time = "2026-03-09T10:34:58.779Z" },
    { url = "https://files.pythonhosted.org/packages/79/a5/c6d08d31293400fcb5d427f8e7e6bacfc959988e868ad3a9d97b4d87c4b7/prek-0.3.5-py3-none-manylinux_2_17_s390x.manylinux2014_s390x.whl", hash = "sha256:64cad21cb9072d985179495b77b312f6b81e7b45357d0c68dc1de66e0408eabc", size = 6359714, upload-time = "2026-03-09T10:34:57.454Z" },
    { url = "https://files.pythonhosted.org/packages/ba/18/321dcff9ece8065d42c8c1c7a53a23b45d2b4330aa70993be75dc5f2822f/prek-0.3.5-py3-none-manylinux_2_17_x86_64.manylinux2014_x86_64.whl", hash = "sha256:45ee84199bb48e013bdfde0c84352c17a44cc42d5792681b86d94e9474aab6f8", size = 5717632, upload-time = "2026-03-09T10:35:08.634Z" },
    { url = "https://files.pythonhosted.org/packages/a3/7f/1288226aa381d0cea403157f4e6b64b356e1a745f2441c31dd9d8a1d63da/prek-0.3.5-py3-none-manylinux_2_28_aarch64.whl", hash = "sha256:f43275e5d564e18e52133129ebeb5cb071af7ce4a547766c7f025aa0955dfbb6", size = 5339040, upload-time = "2026-03-09T10:35:03.665Z" },
    { url = "https://files.pythonhosted.org/packages/22/94/cfec83df9c2b8e7ed1608087bcf9538a6a77b4c2e7365123e9e0a3162cd1/prek-0.3.5-py3-none-manylinux_2_31_riscv64.whl", hash = "sha256:abcee520d31522bcbad9311f21326b447694cd5edba33618c25fd023fc9865ec", size = 5162586, upload-time = "2026-03-09T10:35:11.564Z" },
    { url = "https://files.pythonhosted.org/packages/13/b7/741d62132f37a5f7cc0fad1168bd31f20dea9628f482f077f569547e0436/prek-0.3.5-py3-none-musllinux_1_1_armv7l.whl", hash = "sha256:499c56a94a155790c75a973d351a33f8065579d9094c93f6d451ada5d1e469be", size = 5002933, upload-time = "2026-03-09T10:35:16.347Z" },
    { url = "https://files.pythonhosted.org/packages/6f/83/630a5671df6550fcfa67c54955e8a8174eb9b4d97ac38fb05a362029245b/prek-0.3.5-py3-none-musllinux_1_1_i686.whl", hash = "sha256:de1065b59f194624adc9dea269d4ff6b50e98a1b5bb662374a9adaa496b3c1eb", size = 5304934, upload-time = "2026-03-09T10:35:09.975Z" },
    { url = "https://files.pythonhosted.org/packages/de/79/67a7afd0c0b6c436630b7dba6e586a42d21d5d6e5778fbd9eba7bbd3dd26/prek-0.3.5-py3-none-musllinux_1_1_x86_64.whl", hash = "sha256:a1c4869e45ee341735d07179da3a79fa2afb5959cef8b3c8a71906eb52dc6933", size = 5829914, upload-time = "2026-03-09T10:35:05.39Z" },
    { url = "https://files.pythonhosted.org/packages/37/47/e2fe13b33e7b5fdd9dd1a312f5440208bfe1be6183e54c5c99c10f27d848/prek-0.3.5-py3-none-win32.whl", hash = "sha256:70b2152ecedc58f3f4f69adc884617b0cf44259f7414c44d6268ea6f107672eb", size = 4836910, upload-time = "2026-03-09T10:35:01.884Z" },
    { url = "https://files.pythonhosted.org/packages/6b/ab/dc2a139fd4896d11f39631479ed385e86307af7f54059ebe9414bb0d00c6/prek-0.3.5-py3-none-win_amd64.whl", hash = "sha256:01d031b684f7e1546225393af1268d9b4451a44ef6cb9be4101c85c7862e08db", size = 5234234, upload-time = "2026-03-09T10:35:20.193Z" },
    { url = "https://files.pythonhosted.org/packages/ed/38/f7256b4b7581444f658e909c3b566f51bfabe56c03e80d107a6932d62040/prek-0.3.5-py3-none-win_arm64.whl", hash = "sha256:aa774168e3d868039ff79422bdef2df8d5a016ed804a9914607dcdd3d41da053", size = 5083330, upload-time = "2026-03-09T10:34:55.469Z" },
]

[[package]]
name = "ruff"
version = "0.15.6"
source = { registry = "https://pypi.org/simple" }
sdist = { url = "https://files.pythonhosted.org/packages/51/df/f8629c19c5318601d3121e230f74cbee7a3732339c52b21daa2b82ef9c7d/ruff-0.15.6.tar.gz", hash = "sha256:8394c7bb153a4e3811a4ecdacd4a8e6a4fa8097028119160dffecdcdf9b56ae4", size = 4597916, upload-time = "2026-03-12T23:05:47.51Z" }
wheels = [
    { url = "https://files.pythonhosted.org/packages/9e/2f/4e03a7e5ce99b517e98d3b4951f411de2b0fa8348d39cf446671adcce9a2/ruff-0.15.6-py3-none-linux_armv6l.whl", hash = "sha256:7c98c3b16407b2cf3d0f2b80c80187384bc92c6774d85fefa913ecd941256fff", size = 10508953, upload-time = "2026-03-12T23:05:17.246Z" },
    { url = "https://files.pythonhosted.org/packages/70/60/55bcdc3e9f80bcf39edf0cd272da6fa511a3d94d5a0dd9e0adf76ceebdb4/ruff-0.15.6-py3-none-macosx_10_12_x86_64.whl", hash = "sha256:ee7dcfaad8b282a284df4aa6ddc2741b3f4a18b0555d626805555a820ea181c3", size = 10942257, upload-time = "2026-03-12T23:05:23.076Z" },
    { url = "https://files.pythonhosted.org/packages/e7/f9/005c29bd1726c0f492bfa215e95154cf480574140cb5f867c797c18c790b/ruff-0.15.6-py3-none-macosx_11_0_arm64.whl", hash = "sha256:3bd9967851a25f038fc8b9ae88a7fbd1b609f30349231dffaa37b6804923c4bb", size = 10322683, upload-time = "2026-03-12T23:05:33.738Z" },
    { url = "https://files.pythonhosted.org/packages/5f/74/2f861f5fd7cbb2146bddb5501450300ce41562da36d21868c69b7a828169/ruff-0.15.6-py3-none-manylinux_2_17_aarch64.manylinux2014_aarch64.whl", hash = "sha256:13f4594b04e42cd24a41da653886b04d2ff87adbf57497ed4f728b0e8a4866f8", size = 10660986, upload-time = "2026-03-12T23:05:53.245Z" },
    { url = "https://files.pythonhosted.org/packages/c1/a1/309f2364a424eccb763cdafc49df843c282609f47fe53aa83f38272389e0/ruff-0.15.6-py3-none-manylinux_2_17_armv7l.manylinux2014_armv7l.whl", hash = "sha256:e2ed8aea2f3fe57886d3f00ea5b8aae5bf68d5e195f487f037a955ff9fbaac9e", size = 10332177, upload-time = "2026-03-12T23:05:56.145Z" },
    { url = "https://files.pythonhosted.org/packages/30/41/7ebf1d32658b4bab20f8ac80972fb19cd4e2c6b78552be263a680edc55ac/ruff-0.15.6-py3-none-manylinux_2_17_i686.manylinux2014_i686.whl", hash = "sha256:70789d3e7830b848b548aae96766431c0dc01a6c78c13381f423bf7076c66d15", size = 11170783, upload-time = "2026-03-12T23:06:01.742Z" },
    { url = "https://files.pythonhosted.org/packages/76/be/6d488f6adca047df82cd62c304638bcb00821c36bd4881cfca221561fdfc/ruff-0.15.6-py3-none-manylinux_2_17_ppc64le.manylinux2014_ppc64le.whl", hash = "sha256:542aaf1de3154cea088ced5a819ce872611256ffe2498e750bbae5247a8114e9", size = 12044201, upload-time = "2026-03-12T23:05:28.697Z" },
    { url = "https://files.pythonhosted.org/packages/71/68/e6f125df4af7e6d0b498f8d373274794bc5156b324e8ab4bf5c1b4fc0ec7/ruff-0.15.6-py3-none-manylinux_2_17_s390x.manylinux2014_s390x.whl", hash = "sha256:1c22e6f02c16cfac3888aa636e9eba857254d15bbacc9906c9689fdecb1953ab", size = 11421561, upload-time = "2026-03-12T23:05:31.236Z" },
    { url = "https://files.pythonhosted.org/packages/f1/9f/f85ef5fd01a52e0b472b26dc1b4bd228b8f6f0435975442ffa4741278703/ruff-0.15.6-py3-none-manylinux_2_17_x86_64.manylinux2014_x86_64.whl", hash = "sha256:98893c4c0aadc8e448cfa315bd0cc343a5323d740fe5f28ef8a3f9e21b381f7e", size = 11310928, upload-time = "2026-03-12T23:05:45.288Z" },
    { url = "https://files.pythonhosted.org/packages/8c/26/b75f8c421f5654304b89471ed384ae8c7f42b4dff58fa6ce1626d7f2b59a/ruff-0.15.6-py3-none-manylinux_2_31_riscv64.whl", hash = "sha256:70d263770d234912374493e8cc1e7385c5d49376e41dfa51c5c3453169dc581c", size = 11235186, upload-time = "2026-03-12T23:05:50.677Z" },
    { url = "https://files.pythonhosted.org/packages/fc/d4/d5a6d065962ff7a68a86c9b4f5500f7d101a0792078de636526c0edd40da/ruff-0.15.6-py3-none-musllinux_1_2_aarch64.whl", hash = "sha256:55a1ad63c5a6e54b1f21b7514dfadc0c7fb40093fa22e95143cf3f64ebdcd512", size = 10635231, upload-time = "2026-03-12T23:05:37.044Z" },
    { url = "https://files.pythonhosted.org/packages/d6/56/7c3acf3d50910375349016cf33de24be021532042afbed87942858992491/ruff-0.15.6-py3-none-musllinux_1_2_armv7l.whl", hash = "sha256:8dc473ba093c5ec238bb1e7429ee676dca24643c471e11fbaa8a857925b061c0", size = 10340357, upload-time = "2026-03-12T23:06:04.748Z" },
    { url = "https://files.pythonhosted.org/packages/06/54/6faa39e9c1033ff6a3b6e76b5df536931cd30caf64988e112bbf91ef5ce5/ruff-0.15.6-py3-none-musllinux_1_2_i686.whl", hash = "sha256:85b042377c2a5561131767974617006f99f7e13c63c111b998f29fc1e58a4cfb", size = 10860583, upload-time = "2026-03-12T23:05:58.978Z" },
    { url = "https://files.pythonhosted.org/packages/cb/1e/509a201b843b4dfb0b32acdedf68d951d3377988cae43949ba4c4133a96a/ruff-0.15.6-py3-none-musllinux_1_2_x86_64.whl", hash = "sha256:cef49e30bc5a86a6a92098a7fbf6e467a234d90b63305d6f3ec01225a9d092e0", size = 11410976, upload-time = "2026-03-12T23:05:39.955Z" },
    { url = "https://files.pythonhosted.org/packages/6c/25/3fc9114abf979a41673ce877c08016f8e660ad6cf508c3957f537d2e9fa9/ruff-0.15.6-py3-none-win32.whl", hash = "sha256:bbf67d39832404812a2d23020dda68fee7f18ce15654e96fb1d3ad21a5fe436c", size = 10616872, upload-time = "2026-03-12T23:05:42.451Z" },
    { url = "https://files.pythonhosted.org/packages/89/7a/09ece68445ceac348df06e08bf75db72d0e8427765b96c9c0ffabc1be1d9/ruff-0.15.6-py3-none-win_amd64.whl", hash = "sha256:aee25bc84c2f1007ecb5037dff75cef00414fdf17c23f07dc13e577883dca406", size = 11787271, upload-time = "2026-03-12T23:05:20.168Z" },
    { url = "https://files.pythonhosted.org/packages/7f/d0/578c47dd68152ddddddf31cd7fc67dc30b7cdf639a86275fda821b0d9d98/ruff-0.15.6-py3-none-win_arm64.whl", hash = "sha256:c34de3dd0b0ba203be50ae70f5910b17188556630e2178fd7d79fc030eb0d837", size = 11060497, upload-time = "2026-03-12T23:05:25.968Z" },
]

[[package]]
name = "rumdl"
version = "0.1.47"
source = { registry = "https://pypi.org/simple" }
sdist = { url = "https://files.pythonhosted.org/packages/30/b5/1ca086b42d1a8c65b42a10b8c9df1b3e8cfd96bf0126fa16036497e1ed85/rumdl-0.1.47.tar.gz", hash = "sha256:dd041bd77a5515d059d0af1e1feedb7c48eea88ba5912d1a17208d1b177a5b08", size = 2269365, upload-time = "2026-03-12T13:27:35.457Z" }
wheels = [
    { url = "https://files.pythonhosted.org/packages/6d/20/1ad833a34c27b9357aef7695832f3499074173c6ee9509281ab8fb3df7b6/rumdl-0.1.47-py3-none-macosx_10_12_x86_64.whl", hash = "sha256:054719db09d4a85b3b9871105b85316f57d6fcf875e5e05c8a79d7fc479cabdd", size = 5271660, upload-time = "2026-03-12T13:27:27.316Z" },
    { url = "https://files.pythonhosted.org/packages/df/85/61a23ae058cf4bc97be5ad87541e4790577e9823080c8b26d990a555b70d/rumdl-0.1.47-py3-none-macosx_11_0_arm64.whl", hash = "sha256:7dafb771ad576ad4be5147d5cd55285ee4fcfed2fbe6f441bf86442c67a3dd73", size = 4897374, upload-time = "2026-03-12T13:27:20.217Z" },
    { url = "https://files.pythonhosted.org/packages/64/5c/9881c1eef04cd96417e90af42138cfbba032339d967f1a44522966010da3/rumdl-0.1.47-py3-none-manylinux_2_28_aarch64.whl", hash = "sha256:7e0de0b6a484061e72b8d835610ce64ff1acddf58c9f93f7251a73781ed8901f", size = 5106651, upload-time = "2026-03-12T13:27:22.504Z" },
    { url = "https://files.pythonhosted.org/packages/fa/4f/2fc4a1549234508a7fc18ce8eb989abcd13c27b8c1cd05adc701ef193135/rumdl-0.1.47-py3-none-manylinux_2_28_x86_64.whl", hash = "sha256:8424d9b03291cb1f87cbc9df8b4d4215967927a52f901a29ba777da41c52a3e7", size = 5491041, upload-time = "2026-03-12T13:27:31.262Z" },
    { url = "https://files.pythonhosted.org/packages/ad/e2/5b79a26754083340c3243dfa6563834c995dbba973a2d4567ddb44658238/rumdl-0.1.47-py3-none-musllinux_1_2_aarch64.whl", hash = "sha256:eb4ecdcfb1d8762108aeb9e9fc4d738d22e372bf7e7eddf333f53bed38e56dd0", size = 5112430, upload-time = "2026-03-12T13:27:24.093Z" },
    { url = "https://files.pythonhosted.org/packages/4b/f8/1a3062f747b9e4e15bd1eeb75429c411be3f25b286fbd3473bdf5fba36bb/rumdl-0.1.47-py3-none-musllinux_1_2_x86_64.whl", hash = "sha256:1868a29342466d9951332704db17895e785ebfecfac1147520a62b8592b3ac92", size = 5496225, upload-time = "2026-03-12T13:27:33.585Z" },
    { url = "https://files.pythonhosted.org/packages/aa/e5/44c9dd0ec429845e469d964a62741462cdc5e21eef0782c30ffb391134ec/rumdl-0.1.47-py3-none-win_amd64.whl", hash = "sha256:f5a0e667105086417666ba357b8306bfabafe367c76fec70bd2afa19607ba7ea", size = 5567691, upload-time = "2026-03-12T13:27:28.907Z" },
]

[[package]]
name = "shellcheck-py"
version = "0.11.0.1"
source = { registry = "https://pypi.org/simple" }
sdist = { url = "https://files.pythonhosted.org/packages/df/55/455b097417b3df3d330eff029c72c32f08b25739e3010acb30ad06d268ef/shellcheck_py-0.11.0.1.tar.gz", hash = "sha256:5c620c88901e8f1d3be5934b31ea99e3310065e1245253741eafd0a275c8c9cc", size = 3139, upload-time = "2025-08-09T17:53:42.492Z" }
wheels = [
    { url = "https://files.pythonhosted.org/packages/54/27/d75b03e5458cefdb6d3b674566cd20476c3e4d3fe6cc9d68b7e3b854b296/shellcheck_py-0.11.0.1-py2.py3-none-macosx_10_9_x86_64.whl", hash = "sha256:b6a3fee28efda2e16e38d6e6d59faf7224300256456639727370d404730849e8", size = 6774472, upload-time = "2025-08-09T17:53:34.573Z" },
    { url = "https://files.pythonhosted.org/packages/61/ac/2a84c37171c0cf5a10ea4b0a27d43eb0a1d29bd98b49c2c5ffe17ad24bbe/shellcheck_py-0.11.0.1-py2.py3-none-macosx_11_0_arm64.whl", hash = "sha256:6b88d0a244c82ed07e06a53e444da841f69330ca59ae15d4a66c391655dae7a0", size = 11381835, upload-time = "2025-08-09T17:53:36.852Z" },
    { url = "https://files.pythonhosted.org/packages/96/55/250e0e3367613a5c22bd82e33b16b889287d81ab0f7dda67e6514a4cccf4/shellcheck_py-0.11.0.1-py2.py3-none-manylinux1_x86_64.manylinux2014_x86_64.manylinux_2_17_x86_64.manylinux_2_5_x86_64.whl", hash = "sha256:1b274df81de5b000ff78db433e7328b87e52e3c38481c60f8e488c3095beef05", size = 3800600, upload-time = "2025-08-09T17:53:38.643Z" },
    { url = "https://files.pythonhosted.org/packages/15/5b/bb14c0a7474463b1aa3c09e866cb172dffc66ed2993b7ea8f1db581e86ee/shellcheck_py-0.11.0.1-py2.py3-none-win_amd64.whl", hash = "sha256:784156289ecb17e91c692cd783ab5152333309588cabb10032a047331c63e759", size = 8027541, upload-time = "2025-08-09T17:53:40.889Z" },
]

[[package]]
name = "zizmor"
version = "1.23.1"
source = { registry = "https://pypi.org/simple" }
sdist = { url = "https://files.pythonhosted.org/packages/9e/58/d0228b1332f001f905d3cdd288a878d339e740ef8a92c321696a7359bdcd/zizmor-1.23.1.tar.gz", hash = "sha256:eb9871f1de004d8c6e35ff403bd6a41c495062736e78b9c4a98988970c598639", size = 463942, upload-time = "2026-03-08T16:57:29.065Z" }
wheels = [
    { url = "https://files.pythonhosted.org/packages/49/57/32893d3370aa39f140934ee346a77aff1bc38d1de5248b9385dfcea612b7/zizmor-1.23.1-py3-none-macosx_10_12_x86_64.whl", hash = "sha256:85f222eb610379aeeea76e4dc616621fdae9f21db77d1b006820452cafa739eb", size = 9085239, upload-time = "2026-03-08T16:57:32.241Z" },
    { url = "https://files.pythonhosted.org/packages/e3/43/037b68a2d173a44286f27c5c47e219d8beba758a323e1642770956831732/zizmor-1.23.1-py3-none-macosx_11_0_arm64.whl", hash = "sha256:82a7925bbdbc69713cbeb19ec90012cba3b92e3ace65ae60088e9604c5724182", size = 8657180, upload-time = "2026-03-08T16:57:23.078Z" },
    { url = "https://files.pythonhosted.org/packages/e5/37/322ec0e8b8d39a7de30290b754bd564c0b1c432d72f7b7aa011eca87cc7b/zizmor-1.23.1-py3-none-manylinux_2_24_aarch64.whl", hash = "sha256:19af913bb4bcd6dfeea41477fcf203d69e053f4b14a2b35690485c44ffa6c4a7", size = 8788247, upload-time = "2026-03-08T16:57:18.477Z" },
    { url = "https://files.pythonhosted.org/packages/3f/e7/5ca6f7d56741b190c6d7d3721eb98c66e23fb68d64e6886c92993e049f36/zizmor-1.23.1-py3-none-manylinux_2_28_armv7l.whl", hash = "sha256:08ae0d8f4d665f6cf9b475913c64d2193d52ffc6f02ce66d4dcfd1b92daf4f82", size = 8374212, upload-time = "2026-03-08T16:57:25.437Z" },
    { url = "https://files.pythonhosted.org/packages/d4/a5/a3784392aeaca14d65c5e5efa2795d887ba24db4871a942e06a99f90a3c8/zizmor-1.23.1-py3-none-manylinux_2_28_x86_64.whl", hash = "sha256:08233d0d25947e43ac92374f22383c04e43f351f44bc44d60b3c0695157c0f3e", size = 9230697, upload-time = "2026-03-08T16:57:34.425Z" },
    { url = "https://files.pythonhosted.org/packages/b6/0d/4475ded1664262af70525700e158c3156653391770159d65cd80245fb68e/zizmor-1.23.1-py3-none-musllinux_1_2_aarch64.whl", hash = "sha256:795e04dff47ca1d1b0af2d7a5d3a96909a18d5fa80548534951efb24af6ec83e", size = 8820009, upload-time = "2026-03-08T16:57:36.865Z" },
    { url = "https://files.pythonhosted.org/packages/a8/ef/818c68d9b407e3d02fbe7e39ad73750846d19afad50c4c9ad86455214fc2/zizmor-1.23.1-py3-none-musllinux_1_2_armv7l.whl", hash = "sha256:c62059c75100d0bc1a19cd95a6dce9b93ac5ab2e7d7bcdd974c51b2c5eb503e3", size = 8331336, upload-time = "2026-03-08T16:57:20.825Z" },
    { url = "https://files.pythonhosted.org/packages/28/bb/1c984e1474fcf5f08e5847838007668d2682e1fcbc109d481967736ab18f/zizmor-1.23.1-py3-none-musllinux_1_2_x86_64.whl", hash = "sha256:cf0dc93171e9ae7b822041471715ea7a9f5ebefa6865ceb6d1a39729a982d770", size = 9314682, upload-time = "2026-03-08T16:57:27.361Z" },
    { url = "https://files.pythonhosted.org/packages/fb/26/10f597f9b19ecd7bece2a1eb7d1ca1bd09d089d750d70365c76118056ec1/zizmor-1.23.1-py3-none-win32.whl", hash = "sha256:229c6b275941a18b03eef0ba5d24089dfbbe4fc34633a6b22bf924294ef69cde", size = 7464678, upload-time = "2026-03-08T16:57:30.569Z" },
    { url = "https://files.pythonhosted.org/packages/04/25/14071ea8ab5ebde85391d27e9de060d8a31a44eea448aba8d8bdd30693b3/zizmor-1.23.1-py3-none-win_amd64.whl", hash = "sha256:dc9befe3c08fea7d0fa3a0bc98073fadf31a77f0572b1f7931e1ff300337fe11", size = 8506938, upload-time = "2026-03-08T16:57:15.787Z" },
]
