version = 1
revision = 3
requires-python = ">=3.12"

[[package]]
name = "actionlint-py"
version = "1.7.12.24"
source = { registry = "https://pypi.org/simple" }
sdist = { url = "https://files.pythonhosted.org/packages/6f/0b/3f29683dfbe94208fb5c3806806a6ef419972892e25c3c4f95198f68c978/actionlint_py-1.7.12.24.tar.gz", hash = "sha256:7571b0724fde79b2572b98b2b53792c470249d4db29951b57fc49b9cd3eaf11e", size = 12071, upload-time = "2026-03-31T06:21:35.015Z" }

[[package]]
name = "ast-grep-cli"
version = "0.45.2"
source = { registry = "https://pypi.org/simple" }
sdist = { url = "https://files.pythonhosted.org/packages/82/ad/2f00726d90bcdbf821e1f8893a219d531d3a4a3a525c0ea7554c36b44328/ast_grep_cli-0.45.2.tar.gz", hash = "sha256:300bd5161bd7e6db532ea330647137381f461e0e995b72e56e5e3abcd611ebc3", size = 281111, upload-time = "2026-08-23T20:01:21.259Z" }
wheels = [
    { url = "https://files.pythonhosted.org/packages/97/c3/ef578c61ef91b4cf7429442f3067915ea96e027603591ffcaa5f7fc45929/ast_grep_cli-0.45.2-py3-none-macosx_10_12_x86_64.macosx_11_0_arm64.macosx_10_12_universal2.whl", hash = "sha256:ecc6edefd6e87a53ed41997071802b8b81e9417a6009089887d930968755aa18", size = 15735514, upload-time = "2026-08-23T20:01:08.737Z" },
    { url = "https://files.pythonhosted.org/packages/e4/82/20718fa8c4b5ea9f471a906022343b25053216249ee508a40dd806cfefbb/ast_grep_cli-0.45.2-py3-none-macosx_10_12_x86_64.whl", hash = "sha256:c4afe7aa52171d8d482b95e5db6289cc97e2678adee15ad15af25a41da036d02", size = 7868453, upload-time = "2026-08-23T20:01:11.033Z" },
    { url = "https://files.pythonhosted.org/packages/18/10/b5f21447fe303d6409520282ec3a0e516e114d0730ec8f7274c879e8f4a6/ast_grep_cli-0.45.2-py3-none-manylinux_2_28_aarch64.whl", hash = "sha256:cbaf74b65ea2c3918b23e9578e1790aec6951d5aa8070b7d912e5fb79a7afedb", size = 7733082, upload-time = "2026-08-23T20:01:12.499Z" },
    { url = "https://files.pythonhosted.org/packages/4c/6d/9e9651cad69aa2804621d149067210668fbc7debb3dce93b568b39e1e3ea/ast_grep_cli-0.45.2-py3-none-manylinux_2_28_x86_64.whl", hash = "sha256:bd41060e56fd4c7611050d0dbb3f0741336725b0741ba3eec2ff0d0059042d45", size = 8022169, upload-time = "2026-08-23T20:01:13.82Z" },
    { url = "https://files.pythonhosted.org/packages/05/48/f956aca058464cb43eb9669f06bfa19d2c5e7613a80277f41e13cd4a854d/ast_grep_cli-0.45.2-py3-none-win32.whl", hash = "sha256:f613a82dcb51527ef0d63b26261f10ea24990ffb0c8b9dda2abbacfa45d1d982", size = 14932502, upload-time = "2026-08-23T20:01:15.341Z" },
    { url = "https://files.pythonhosted.org/packages/9f/7f/8c573f3e3102debc034adfe3fb9806a89076ada4c767eb1930700d044e4d/ast_grep_cli-0.45.2-py3-none-win_amd64.whl", hash = "sha256:19aab16ad9bc361d1a750c8e5e36b2d746e9c256c9bd83be08925cb1469c6e6b", size = 15842099, upload-time = "2026-08-23T20:01:17.308Z" },
    { url = "https://files.pythonhosted.org/packages/76/a0/882638f2c1e8ec63500f9a7ae256292e7cdb8177abf6b2e7d5f09266a3f5/ast_grep_cli-0.45.2-py3-none-win_arm64.whl", hash = "sha256:1d5ab9db412f3f95dce9eadc3c3bd4d37d0ae7d1182b148c03fff81a8c6c3f40", size = 15287377, upload-time = "2026-08-23T20:01:19.504Z" },
]

[[package]]
name = "dev-tools"
version = "0.0.0"
source = { virtual = "." }

[package.dev-dependencies]
dev = [
    { name = "actionlint-py" },
    { name = "ast-grep-cli" },
    { name = "prek" },
    { name = "ruff" },
    { name = "rumdl" },
    { name = "shellcheck-py" },
    { name = "typos" },
    { name = "zizmor" },
]

[package.metadata]

[package.metadata.requires-dev]
dev = [
    { name = "actionlint-py", specifier = "==1.7.12.24" },
    { name = "ast-grep-cli", specifier = "==0.45.2" },
    { name = "prek", specifier = "==0.4.11" },
    { name = "ruff", specifier = "==0.16.0" },
    { name = "rumdl", specifier = "==0.2.43" },
    { name = "shellcheck-py", specifier = "==0.11.0.1" },
    { name = "typos", specifier = "==1.49.0" },
    { name = "zizmor", specifier = "==1.28.0" },
]

[[package]]
name = "prek"
version = "0.4.11"
source = { registry = "https://pypi.org/simple" }
sdist = { url = "https://files.pythonhosted.org/packages/c4/1a/73b6dae5ce7e997cb35a69bfe1d25a798e85fa3d2eabf95324563f461b30/prek-0.4.11.tar.gz", hash = "sha256:4a14cb9bbae850605ae3904fbdbb12f0e00c12455efaa2266da8fb8e5c0350d7", size = 516254, upload-time = "2026-07-24T17:05:35.107Z" }
wheels = [
    { url = "https://files.pythonhosted.org/packages/8e/d7/a00b2de492a80e99b1698e72c1d196ac3ed544dc7ee0ada261ac066e78e0/prek-0.4.11-py3-none-linux_armv6l.whl", hash = "sha256:3830cb7cc47e837888b8b464ecb21355a69235cfacef0fd89101e17f09345d63", size = 5770511, upload-time = "2026-07-24T17:05:12.829Z" },
    { url = "https://files.pythonhosted.org/packages/c1/1e/f97c74defcd5d5645888cb99fcdd9b8b48cc7247cf31e64414d106d56d66/prek-0.4.11-py3-none-macosx_10_12_x86_64.whl", hash = "sha256:45facadf9c2332b28e6ab2744312ae0275a93ab5a437da8bcc53a8c7260cb4b0", size = 6118049, upload-time = "2026-07-24T17:05:14.451Z" },
    { url = "https://files.pythonhosted.org/packages/d9/92/8367d26421ee6fe6019a63928fb0ed31179cd0d6199879c524f89ef4c95c/prek-0.4.11-py3-none-macosx_11_0_arm64.whl", hash = "sha256:2f8a194b1d00d24dff8baff691c99e2668339da2da3482b4ee99c1a0f2409378", size = 5601478, upload-time = "2026-07-24T17:05:15.81Z" },
    { url = "https://files.pythonhosted.org/packages/e1/6f/7617c9b87afaadede4167720aae7ef12d7e51167db903bc8fbac0cadef7b/prek-0.4.11-py3-none-manylinux_2_17_aarch64.manylinux2014_aarch64.musllinux_1_1_aarch64.whl", hash = "sha256:21d93e6d76bf3d7a9bb70c6ac86ef372adaee50068c45749e6b9e1c2ac4ec939", size = 5932071, upload-time = "2026-07-24T17:05:17.217Z" },
    { url = "https://files.pythonhosted.org/packages/ef/41/6796a4011b04212333259064aa885a71d03d9581ba9bff52db3ce58d1f06/prek-0.4.11-py3-none-manylinux_2_17_armv7l.manylinux2014_armv7l.whl", hash = "sha256:7fb07cde2d2156efa6980122b3f13dc88f20c84b933c6205675d0f1e7be2cde8", size = 5677617, upload-time = "2026-07-24T17:05:18.658Z" },
    { url = "https://files.pythonhosted.org/packages/03/5f/3e339901f8460b6073313619b4fd9bf4135e48430695c53640b83ace88ea/prek-0.4.11-py3-none-manylinux_2_17_i686.manylinux2014_i686.whl", hash = "sha256:6b7f5e446d2aca739bd18b380578e9c78bb4c086299abc3e167d51c47840c56f", size = 6106370, upload-time = "2026-07-24T17:05:20.219Z" },
    { url = "https://files.pythonhosted.org/packages/8e/4e/94e24b5c1910ec15692ecaf33d0d8ef0d02a02a8b5e40d3c976396880cba/prek-0.4.11-py3-none-manylinux_2_17_s390x.manylinux2014_s390x.whl", hash = "sha256:b7059d640e595d098600e2d97af961f46292b4112670edbe632de84f6828389e", size = 6884342, upload-time = "2026-07-24T17:05:21.587Z" },
    { url = "https://files.pythonhosted.org/packages/a2/7c/fc0daa033dcafe74990c00af2da1e16922790b9c1b8da7e8eebf1123838b/prek-0.4.11-py3-none-manylinux_2_17_x86_64.manylinux2014_x86_64.whl", hash = "sha256:85a4df33998fcac878bce3b2c624e1caeb9609f3d562c640702c1234ed815daf", size = 6331365, upload-time = "2026-07-24T17:05:22.87Z" },
    { url = "https://files.pythonhosted.org/packages/d7/36/49f152b8f539930e9685cff0509695ce4054abcecc22f4c16c4e1e5c23d0/prek-0.4.11-py3-none-manylinux_2_28_aarch64.whl", hash = "sha256:866991f387527c5f880ce2cc3ddea9b33cc5b986881f8c7f92524cf0969c1350", size = 5939075, upload-time = "2026-07-24T17:05:24.249Z" },
    { url = "https://files.pythonhosted.org/packages/4f/fe/7b097af9161edae7ddedcc9f5cda4a5f31346a492ce3f92583d96c46f628/prek-0.4.11-py3-none-manylinux_2_31_riscv64.whl", hash = "sha256:247e5d8740e137ebdf24fa96f01a95b2d2f1892e956a1ab00c7b1474a59ebcc0", size = 5799029, upload-time = "2026-07-24T17:05:25.652Z" },
    { url = "https://files.pythonhosted.org/packages/49/63/dc955ff99e1002d3cd375b21467c87046bc41deddfce86d898240757b151/prek-0.4.11-py3-none-musllinux_1_1_armv7l.whl", hash = "sha256:603ba9f2fd9d666dddb3ae190a25a5c55091b843cde90ed52e0a1116f50d4062", size = 5651211, upload-time = "2026-07-24T17:05:27.027Z" },
    { url = "https://files.pythonhosted.org/packages/8f/b8/bf2139ec25eefb5afef43afac7620c5181f2c2661f220598beacb1771207/prek-0.4.11-py3-none-musllinux_1_1_i686.whl", hash = "sha256:f2682ece3c5fc7201106c4fdd84b0587ccea4b8a2ecefa3e94d3074d2841f1df", size = 5954784, upload-time = "2026-07-24T17:05:28.391Z" },
    { url = "https://files.pythonhosted.org/packages/fc/29/3fe5990aee1bd7c4d50a03358ad867c5e912d9510aafb83a359c7347e5fa/prek-0.4.11-py3-none-musllinux_1_1_x86_64.whl", hash = "sha256:22721d30394192931fecc80d6fc6dd47e8ddf8db8b9693805aba8ec0f50087ec", size = 6448916, upload-time = "2026-07-24T17:05:29.837Z" },
    { url = "https://files.pythonhosted.org/packages/0f/fb/abddacf43738302242ecd237236c7c80cd7c1d27545e16e803770aee76e9/prek-0.4.11-py3-none-win32.whl", hash = "sha256:8b093e7624522146049e994d5cf283d01d71632b638620b79ae0f96afeaa2624", size = 5483539, upload-time = "2026-07-24T17:05:31.228Z" },
    { url = "https://files.pythonhosted.org/packages/00/1e/c293f7a15cb93963c4be36a02e144b93f43906bc02644a3f04e5708e7453/prek-0.4.11-py3-none-win_amd64.whl", hash = "sha256:5a3d7c80b970b456e5f1bcec8382008ee1ae6a3f324a6b9bb4ff7e666ab0f3c4", size = 5861119, upload-time = "2026-07-24T17:05:32.479Z" },
    { url = "https://files.pythonhosted.org/packages/cd/0c/05fe6eb9d6a54d0e02dfa8cc5ad6f86869bf953419ec15909a32466a28ee/prek-0.4.11-py3-none-win_arm64.whl", hash = "sha256:e7b0df37ce05e45a14a9da39ab104691474d72f139bf4f6c860f754763a322cb", size = 5626386, upload-time = "2026-07-24T17:05:33.813Z" },
]

[[package]]
name = "ruff"
version = "0.16.0"
source = { registry = "https://pypi.org/simple" }
sdist = { url = "https://files.pythonhosted.org/packages/4d/94/1e5e4967626faf12fa56999cd6222dff6992ceb086ad7945756baf70c7a7/ruff-0.16.0.tar.gz", hash = "sha256:e460aafd5495ec89efaa6ced2e4a9a581116451e1c88b9d37ef497e0f8e93982", size = 4790557, upload-time = "2026-07-23T19:11:30.981Z" }
wheels = [
    { url = "https://files.pythonhosted.org/packages/4b/81/1c8818fee7ce1a04cd7d1b3172e0a8f8e4f1dc4feb7fc390e16daa8af323/ruff-0.16.0-py3-none-linux_armv6l.whl", hash = "sha256:e5115729eb08c585e5121978ba5d5b60caeae394ce21b9fb5e6cd33a1c6c9b1e", size = 10754633, upload-time = "2026-07-23T19:10:46.415Z" },
    { url = "https://files.pythonhosted.org/packages/23/df/beaf59c09d68db84304d555f188b276a77132a5d5b0b67a5c762aa143628/ruff-0.16.0-py3-none-macosx_10_12_x86_64.whl", hash = "sha256:3c954b1d580bfa035b41654f7858cc7e71d5fc3ac5b723dd62bd9133830ed522", size = 10969164, upload-time = "2026-07-23T19:10:50.271Z" },
    { url = "https://files.pythonhosted.org/packages/42/ce/741cd197496a1abbf51352710fd15ed995d2a2be87189c1da26a450d6e83/ruff-0.16.0-py3-none-macosx_11_0_arm64.whl", hash = "sha256:e01c21d10eb1b29f47b7454e1f4056db9a3f0260c646aa88457c610291db9f81", size = 10488846, upload-time = "2026-07-23T19:10:52.639Z" },
    { url = "https://files.pythonhosted.org/packages/52/2a/a2db8e88cade358f5cdcb05674a917751074109315d014eb6352d9a893f7/ruff-0.16.0-py3-none-manylinux_2_17_aarch64.manylinux2014_aarch64.whl", hash = "sha256:6e364e5ed22ed8dc05082fd78e35308618260907ac2d3c1d637b2e682415b6c9", size = 10889729, upload-time = "2026-07-23T19:10:54.89Z" },
    { url = "https://files.pythonhosted.org/packages/42/65/62a771694ebd63029dc953e27dbad40e1588bd4860ff9fe881018fddaa49/ruff-0.16.0-py3-none-manylinux_2_17_armv7l.manylinux2014_armv7l.whl", hash = "sha256:d327b8fc113a1d4421a04f3839d3752057c8dd1ee320223a6f3f52d04ada462a", size = 10568275, upload-time = "2026-07-23T19:10:56.993Z" },
    { url = "https://files.pythonhosted.org/packages/3f/e2/ced249fe8af5f086c5c58cc21cc3356d50f32f7401c5df87050c999620a7/ruff-0.16.0-py3-none-manylinux_2_17_i686.manylinux2014_i686.whl", hash = "sha256:a9b50c55e263103586b3dcf5f73d479eb8cb5fdb6098fec59a62891dab653717", size = 11385112, upload-time = "2026-07-23T19:10:59.615Z" },
    { url = "https://files.pythonhosted.org/packages/87/0b/05154977a8fd69eeb6c103271f55403bfd8711f5c0f8ed07489d95a504e7/ruff-0.16.0-py3-none-manylinux_2_17_ppc64le.manylinux2014_ppc64le.whl", hash = "sha256:0ff4a79ce3ec0172f3241943835de1c4cb4e2dcd07f0f8c2d02603dbbbee4b17", size = 12207008, upload-time = "2026-07-23T19:11:02.154Z" },
    { url = "https://files.pythonhosted.org/packages/fb/29/98225831a3a1eab0e02f4acc6ca6559a98611dcc68b6965ff4b7234627c1/ruff-0.16.0-py3-none-manylinux_2_17_s390x.manylinux2014_s390x.whl", hash = "sha256:e95c448fca1fb2a18372a9440926c5a6ee789639bb975c72e7ae6d0b04218ab4", size = 11650842, upload-time = "2026-07-23T19:11:04.557Z" },
    { url = "https://files.pythonhosted.org/packages/91/66/6bd3cf90500653d55dc0ffc8507aa8300bd49d0214b2e8cb4d3fef2943ba/ruff-0.16.0-py3-none-manylinux_2_17_x86_64.manylinux2014_x86_64.whl", hash = "sha256:4f11a8d11010301d0a398a2fdef67691feca7294da6aef55e2150e8fa2cd520b", size = 11400718, upload-time = "2026-07-23T19:11:09.233Z" },
    { url = "https://files.pythonhosted.org/packages/8e/a2/a54eb4eae05d66364050a5d3b8a9c5ef88196531b3cbe7109d873f87f819/ruff-0.16.0-py3-none-manylinux_2_31_riscv64.whl", hash = "sha256:48044c678e9cb8698246c99b14aaccfa6601dea7379eb48a6f8f73f7a6d86cd0", size = 11426177, upload-time = "2026-07-23T19:11:11.994Z" },
    { url = "https://files.pythonhosted.org/packages/1a/be/16e3eea4b2a478a496919f5e36f17c4559e54620bd3bbac5d6affa068006/ruff-0.16.0-py3-none-musllinux_1_2_aarch64.whl", hash = "sha256:7aa0959bad8eb8bef50340154fc9b58678dae31fa4293afa38b44b6e552c0213", size = 10856126, upload-time = "2026-07-23T19:11:14.221Z" },
    { url = "https://files.pythonhosted.org/packages/a2/84/252eb8b868a16eec7257c14f504f77537e734b2d69c762e639e588e304a3/ruff-0.16.0-py3-none-musllinux_1_2_armv7l.whl", hash = "sha256:28ea2b7df8ebf7f9da6b7d47b230ab48f387c0a29be3b474c4d0740e197bb9af", size = 10571208, upload-time = "2026-07-23T19:11:16.378Z" },
    { url = "https://files.pythonhosted.org/packages/21/09/817a482f542f7570cbb4554b26e896610c7114f539b1d9e2d2145bf6bef6/ruff-0.16.0-py3-none-musllinux_1_2_i686.whl", hash = "sha256:33a3dfac8c35f81498dea9181bccc2f4c4bc8f1521a1dd9406e77643e0f0fb09", size = 11063329, upload-time = "2026-07-23T19:11:19.173Z" },
    { url = "https://files.pythonhosted.org/packages/2e/23/9403c180ca1cb9b1f7335f5c3e5305c09d49ea5b345196682a36028bde4a/ruff-0.16.0-py3-none-musllinux_1_2_x86_64.whl", hash = "sha256:a5237a0bda500d30d81b8e07a6973a5cbc772864cbf746ae2f4e8a2e01c9f4ed", size = 11489751, upload-time = "2026-07-23T19:11:21.74Z" },
    { url = "https://files.pythonhosted.org/packages/b2/1d/1b2ef7bcde851c78d7f17f1cca13fd6dc695fc4b3d6197941e72cae5b132/ruff-0.16.0-py3-none-win32.whl", hash = "sha256:7fab76fa065c873f41ff744347c6e77bcc3dfec4bcc754dc26b63d23c0f7f5fb", size = 10785885, upload-time = "2026-07-23T19:11:23.947Z" },
    { url = "https://files.pythonhosted.org/packages/b2/a3/d5e4ef7a56be3f928ffb90b94c25ba7d3cb9c7fe0736aeaaedf361770712/ruff-0.16.0-py3-none-win_amd64.whl", hash = "sha256:429c117f022bf481fabd9d551e7a3952b24c65e6ef44337ea09d90bebef14472", size = 11923141, upload-time = "2026-07-23T19:11:26.409Z" },
    { url = "https://files.pythonhosted.org/packages/cb/9a/8415f2657cbe200f41a4531ccededf135505a92d4a012229121f885b26f9/ruff-0.16.0-py3-none-win_arm64.whl", hash = "sha256:14296fedcd2705c77ab8235439278bbb38f285cf7da5528b00b3e330c3d4872d", size = 11273407, upload-time = "2026-07-23T19:11:28.705Z" },
]

[[package]]
name = "rumdl"
version = "0.2.43"
source = { registry = "https://pypi.org/simple" }
sdist = { url = "https://files.pythonhosted.org/packages/71/b5/9f7863c535b06558ef674fbb57b5d082a69a905c7f822607ccfa6080172d/rumdl-0.2.43.tar.gz", hash = "sha256:06be7d4de6eb6418558204cc20ac3ba4e96d1bd29ec182995c37a348b094bafa", size = 2955777, upload-time = "2026-07-24T19:26:05.596Z" }
wheels = [
    { url = "https://files.pythonhosted.org/packages/8f/fe/d8cc592659b69806beec25fb93ccc73f1e7b361ee9c98dbe5eeb948bf014/rumdl-0.2.43-py3-none-macosx_10_12_x86_64.whl", hash = "sha256:05c10c5543ac65c2c200fc2fb610e5ca0bfc06aa663f9704e8488c1c4c34d3d3", size = 6099876, upload-time = "2026-07-24T19:25:56.143Z" },
    { url = "https://files.pythonhosted.org/packages/d4/26/e935f231c1fbe34c1d125b749d097169206b776341c1932f22ce7f3f9af4/rumdl-0.2.43-py3-none-macosx_11_0_arm64.whl", hash = "sha256:79ceaab8b9d5ad6637253ccae146c155ebb294f614a87b3edf46df9b20257b52", size = 5768956, upload-time = "2026-07-24T19:25:49.068Z" },
    { url = "https://files.pythonhosted.org/packages/eb/1a/138789055df8a62de102c8f3480cb25943234b5358ed660180b735ffec4b/rumdl-0.2.43-py3-none-manylinux_2_28_aarch64.whl", hash = "sha256:13047f821dc40d96900819007075461612648f77ff531367b55a0874a8639f4f", size = 5903176, upload-time = "2026-07-24T19:25:51.682Z" },
    { url = "https://files.pythonhosted.org/packages/9d/ca/da5381b55c7c185fceef38c4b269ed0cea9ced6c0ca56ce05b28fb9f29d5/rumdl-0.2.43-py3-none-manylinux_2_28_x86_64.whl", hash = "sha256:718bf570c66699a3a34ea9f4533d11babe8b94ec795eb2a027716a88800a8d86", size = 6270029, upload-time = "2026-07-24T19:26:01.101Z" },
    { url = "https://files.pythonhosted.org/packages/42/b4/491de2c1b8f2c11f90d43f40c545fd2dd6487669e772b2e51b58d81ab042/rumdl-0.2.43-py3-none-musllinux_1_2_aarch64.whl", hash = "sha256:9b13ed371fbeb08597a9e9a5f58573a50a38ce7c15277cffe864e87a20da173c", size = 5891925, upload-time = "2026-07-24T19:25:53.935Z" },
    { url = "https://files.pythonhosted.org/packages/7a/15/29f3f26df61ecf44008e00ceae163e2758144daea35e0885885d1e730db2/rumdl-0.2.43-py3-none-musllinux_1_2_x86_64.whl", hash = "sha256:f29a26b67933a8469a106ac032ada428ad9e4732ed98fef3d5cb8158d54fd477", size = 6253926, upload-time = "2026-07-24T19:26:03.254Z" },
    { url = "https://files.pythonhosted.org/packages/83/c7/7e443f54ce5d4398d94728473a13848e6559a7ced28a2ed2ad875afc3e18/rumdl-0.2.43-py3-none-win_amd64.whl", hash = "sha256:7694deb83e83a286443ef3e671b427faf4490b7b50a6640cb88d3275d6088107", size = 6232169, upload-time = "2026-07-24T19:25:58.762Z" },
]

[[package]]
name = "shellcheck-py"
version = "0.11.0.1"
source = { registry = "https://pypi.org/simple" }
sdist = { url = "https://files.pythonhosted.org/packages/df/55/455b097417b3df3d330eff029c72c32f08b25739e3010acb30ad06d268ef/shellcheck_py-0.11.0.1.tar.gz", hash = "sha256:5c620c88901e8f1d3be5934b31ea99e3310065e1245253741eafd0a275c8c9cc", size = 3139, upload-time = "2025-08-09T17:53:42.492Z" }
wheels = [
    { url = "https://files.pythonhosted.org/packages/54/27/d75b03e5458cefdb6d3b674566cd20476c3e4d3fe6cc9d68b7e3b854b296/shellcheck_py-0.11.0.1-py2.py3-none-macosx_10_9_x86_64.whl", hash = "sha256:b6a3fee28efda2e16e38d6e6d59faf7224300256456639727370d404730849e8", size = 6774472, upload-time = "2025-08-09T17:53:34.573Z" },
    { url = "https://files.pythonhosted.org/packages/61/ac/2a84c37171c0cf5a10ea4b0a27d43eb0a1d29bd98b49c2c5ffe17ad24bbe/shellcheck_py-0.11.0.1-py2.py3-none-macosx_11_0_arm64.whl", hash = "sha256:6b88d0a244c82ed07e06a53e444da841f69330ca59ae15d4a66c391655dae7a0", size = 11381835, upload-time = "2025-08-09T17:53:36.852Z" },
    { url = "https://files.pythonhosted.org/packages/96/55/250e0e3367613a5c22bd82e33b16b889287d81ab0f7dda67e6514a4cccf4/shellcheck_py-0.11.0.1-py2.py3-none-manylinux1_x86_64.manylinux2014_x86_64.manylinux_2_17_x86_64.manylinux_2_5_x86_64.whl", hash = "sha256:1b274df81de5b000ff78db433e7328b87e52e3c38481c60f8e488c3095beef05", size = 3800600, upload-time = "2025-08-09T17:53:38.643Z" },
    { url = "https://files.pythonhosted.org/packages/15/5b/bb14c0a7474463b1aa3c09e866cb172dffc66ed2993b7ea8f1db581e86ee/shellcheck_py-0.11.0.1-py2.py3-none-win_amd64.whl", hash = "sha256:784156289ecb17e91c692cd783ab5152333309588cabb10032a047331c63e759", size = 8027541, upload-time = "2025-08-09T17:53:40.889Z" },
]

[[package]]
name = "typos"
version = "1.49.0"
source = { registry = "https://pypi.org/simple" }
sdist = { url = "https://files.pythonhosted.org/packages/31/73/77f4e3d84d5c853eb29d149fbfb2dfca7382d604be43c7fe853391ad66b5/typos-1.49.0.tar.gz", hash = "sha256:0f4af35df36add1a6b246abaa21e3267eee3df0fe62ae0387583767c45ea8053", size = 1850934, upload-time = "2026-08-03T16:18:53.574Z" }
wheels = [
    { url = "https://files.pythonhosted.org/packages/58/0e/bab5850a6f6a54a34b58870932679c3346890319d93b76c9b606ae4230dc/typos-1.49.0-py3-none-macosx_10_12_x86_64.whl", hash = "sha256:1be982e308ee1e0a019a9d5b7f3dd59f57535e0371ed5934dfeb494ab472f4f2", size = 3420961, upload-time = "2026-08-03T16:18:36.59Z" },
    { url = "https://files.pythonhosted.org/packages/54/d4/0d778d192ac64710f126f1d882f17d20fea8d87bc16cdc86f4509b9d320c/typos-1.49.0-py3-none-macosx_11_0_arm64.whl", hash = "sha256:d9d4ee6c8b84bb87b311d827ccb04c11779ccea2abe553fcdeafaf59f02319e2", size = 3325370, upload-time = "2026-08-03T16:18:38.535Z" },
    { url = "https://files.pythonhosted.org/packages/c5/6b/3d734d0bd9ee0fa88796cd4eac8ea3b6a1c50b66f2fe1e5ebe54fc6e2267/typos-1.49.0-py3-none-manylinux_2_17_aarch64.manylinux2014_aarch64.whl", hash = "sha256:e3995100a732838725b5291c1bb8d04de085d6c99372fcd35c74ca7e88c4d90a", size = 8219503, upload-time = "2026-08-03T16:18:40.658Z" },
    { url = "https://files.pythonhosted.org/packages/3c/ef/fe2442f90c8d40ce2926ffcff7bfb4a275f9ccf4cdb1e447d17cd79a55e2/typos-1.49.0-py3-none-manylinux_2_17_i686.manylinux2014_i686.whl", hash = "sha256:6423aef4c5d688fbaf8ffcf01a8cc0419d7d3bc539fa5f32031112a23c57c4ec", size = 7313236, upload-time = "2026-08-03T16:18:42.678Z" },
    { url = "https://files.pythonhosted.org/packages/26/b7/4f57b8b9024f6c6b04a2782655e05ff2264d0b124b0965200de35e78f6da/typos-1.49.0-py3-none-manylinux_2_17_x86_64.manylinux2014_x86_64.whl", hash = "sha256:0f8530f38f6988ab0a6b0278dfca8ee1debbb98a63f5abc153a24a25ad10c2a2", size = 7734554, upload-time = "2026-08-03T16:18:44.659Z" },
    { url = "https://files.pythonhosted.org/packages/c4/50/c42c9ec6b3068fb03eaf1090506a676237110ad25d423cdffa070ab396cc/typos-1.49.0-py3-none-musllinux_1_2_aarch64.whl", hash = "sha256:0b8b6d8c4c168cb88126f08d4ec2bb664f46bafd2fc3b07881e86ed109d005e4", size = 7068903, upload-time = "2026-08-03T16:18:46.537Z" },
    { url = "https://files.pythonhosted.org/packages/d4/94/161795735d106782b5e9d7cb5298f0beec9080c4729df0593efaec339d9e/typos-1.49.0-py3-none-musllinux_1_2_x86_64.whl", hash = "sha256:90b8d318f47d98f6ab45871daad5b6f1fe15d312ce409abab9dd03a4aa7d383e", size = 8120121, upload-time = "2026-08-03T16:18:48.651Z" },
    { url = "https://files.pythonhosted.org/packages/9b/5f/4351c1ce8ef5e3493ac4f48165601667013e450420b8d99a10beaf3fa2dc/typos-1.49.0-py3-none-win32.whl", hash = "sha256:fdc7ab25876598ba26c14e519d681d4e5b0d5257822f56d47746a513f7067473", size = 3150686, upload-time = "2026-08-03T16:18:50.419Z" },
    { url = "https://files.pythonhosted.org/packages/54/b0/7ce4703952e77b9f8fb4db4cc553d7dfb65e94741247d46a224a60bd3179/typos-1.49.0-py3-none-win_amd64.whl", hash = "sha256:22adaf3b8c4d8f1bca3a6b1703d48210a23fb4b1dcd505bbbaf9401854bbe088", size = 3323601, upload-time = "2026-08-03T16:18:51.996Z" },
]

[[package]]
name = "zizmor"
version = "1.28.0"
source = { registry = "https://pypi.org/simple" }
sdist = { url = "https://files.pythonhosted.org/packages/64/92/6b58872ac1184a441037bdc05c658a3900f49401b25f6e834a268ef6ff52/zizmor-1.28.0.tar.gz", hash = "sha256:6d5a300b80bf4c12e9cbe78ffd3874ec3f94b65bea78c994ec18157e2846ece0", size = 550169, upload-time = "2026-07-21T22:16:27.361Z" }
wheels = [
    { url = "https://files.pythonhosted.org/packages/e8/48/a725a1c34e5565eeeb4e4a93c59662f206e5156f2029627c66b2373edf55/zizmor-1.28.0-py3-none-macosx_10_12_x86_64.whl", hash = "sha256:149dba59a8bd2897960ee54c40ae8b5801a71293bad71c8d2913c74ab66a294c", size = 8909502, upload-time = "2026-07-21T22:16:07.47Z" },
    { url = "https://files.pythonhosted.org/packages/20/92/ba6d0eb2b336b4c4826bb0c9ed23c3239d46d71d8c1ddd2d395efeff7f52/zizmor-1.28.0-py3-none-macosx_11_0_arm64.whl", hash = "sha256:0949f57a6d20deeb9c509705afce8de233c166475e25be305985a1fe553c6e0d", size = 8520554, upload-time = "2026-07-21T22:16:09.587Z" },
    { url = "https://files.pythonhosted.org/packages/4f/07/69aba8157056fc0949cbdc787d8437813961e204a117c629d34afc827d6d/zizmor-1.28.0-py3-none-manylinux_2_24_aarch64.whl", hash = "sha256:9819f91f0ef486e4af98a6aacfed23c6b4067fabcecb88d49231228a3d43f821", size = 8759226, upload-time = "2026-07-21T22:16:11.627Z" },
    { url = "https://files.pythonhosted.org/packages/69/33/b65717a3ca4573611f47612e67be5458ff700e857f49f759741fa67b0519/zizmor-1.28.0-py3-none-manylinux_2_28_armv7l.whl", hash = "sha256:354e6cb98a15a88593a6f7ac6236b092b83a2aad5c4768ee750f9b3262f668d9", size = 8382005, upload-time = "2026-07-21T22:16:13.896Z" },
    { url = "https://files.pythonhosted.org/packages/5b/b4/f823bd2a1ba6dc432fdcbd249d4c442ce79bd137d34d986fce5c181f2800/zizmor-1.28.0-py3-none-manylinux_2_28_x86_64.whl", hash = "sha256:ae2cab67ce713e760e0d1b61ad749d374693ea2b310337aab11cd446748267f3", size = 9175601, upload-time = "2026-07-21T22:16:16.177Z" },
    { url = "https://files.pythonhosted.org/packages/f3/75/adad17b0320eb3bc9ed797019fccf69a809affdf5ba9402bdc8b910957e1/zizmor-1.28.0-py3-none-musllinux_1_2_aarch64.whl", hash = "sha256:7b00018cf2cc948c3b3e010c1a1f30fdc001f0d062640469f17e0ef006e74eb7", size = 8792861, upload-time = "2026-07-21T22:16:18.035Z" },
    { url = "https://files.pythonhosted.org/packages/1a/3d/4d5583f24730f404c104eacf8aca4ca5a3d4c480e9d3cfe3eadd93351fd6/zizmor-1.28.0-py3-none-musllinux_1_2_armv7l.whl", hash = "sha256:6897f02b0d02fd709f5ebc13cd37d97ad464219e0ba86a03f6d86f7777b7b102", size = 8343070, upload-time = "2026-07-21T22:16:20.092Z" },
    { url = "https://files.pythonhosted.org/packages/97/e2/4521e6dd56bc0d44eefb177794e261925c5cd00ab647b17e5513bddcb985/zizmor-1.28.0-py3-none-musllinux_1_2_x86_64.whl", hash = "sha256:ef69d198dcf6835c9b6eea8673cbc5c36f10b3f1b98b51d28266b7e01c3704d4", size = 9262222, upload-time = "2026-07-21T22:16:21.89Z" },
    { url = "https://files.pythonhosted.org/packages/a2/96/5d841d197c821921cb8243352c610ca2505a86871c10f81efe4da190d24c/zizmor-1.28.0-py3-none-win32.whl", hash = "sha256:833c360ba5a9c74ca45007b8c79939826fca0c5ed65144fa08f63a7009cef096", size = 7541161, upload-time = "2026-07-21T22:16:23.965Z" },
    { url = "https://files.pythonhosted.org/packages/b1/f5/3f4591746e5a9c7e8efc2e9e02aa43e1aa0957fe33cae64ce386c74b882e/zizmor-1.28.0-py3-none-win_amd64.whl", hash = "sha256:c93b30d211b0b0c38905a8803cc2653fff37de03eb77105302a02f709773bd4a", size = 8619340, upload-time = "2026-07-21T22:16:25.6Z" },
]
