version = 1
revision = 3
requires-python = ">=3.12"

[[package]]
name = "actionlint-py"
version = "1.7.12.25"
source = { registry = "https://pypi.org/simple" }
sdist = { url = "https://files.pythonhosted.org/packages/33/75/36ee89db39bb3620d1e46fe1f6ec77d6000d30ff45345699e51b4c850e83/actionlint_py-1.7.12.25.tar.gz", hash = "sha256:83f83be4cd317c79b15cbb7022787513a6994f00bfb2dd8da02fa4e62b4f640d", size = 12438, upload-time = "2026-09-22T16:24:42.477Z" }

[[package]]
name = "ast-grep-cli"
version = "0.45.3"
source = { registry = "https://pypi.org/simple" }
sdist = { url = "https://files.pythonhosted.org/packages/80/46/35e89cbf27fe8a866796f9cb6ae711b88e0ff67e14e2580ced649b3d6a19/ast_grep_cli-0.45.3.tar.gz", hash = "sha256:d8b527b71655eede16637311bc3ca49624b8198c48bffeb5dcf06a78332bf917", size = 283689, upload-time = "2026-08-31T02:27:07.267Z" }
wheels = [
    { url = "https://files.pythonhosted.org/packages/58/8d/fded0d3cf2138b56454101e061ba8525bd47c9d022d924fd92320fad4d98/ast_grep_cli-0.45.3-py3-none-macosx_10_12_x86_64.macosx_11_0_arm64.macosx_10_12_universal2.whl", hash = "sha256:ebc1510a6775f65a8681345dd422590fb257fe48036a7c599a5ca9f54dea8801", size = 15743557, upload-time = "2026-08-31T01:50:19.053Z" },
    { url = "https://files.pythonhosted.org/packages/30/f8/d9b41ae197bf9a41034a03d742d9bb2ca05bf4f7da741c00242019b44d3e/ast_grep_cli-0.45.3-py3-none-macosx_10_12_x86_64.whl", hash = "sha256:7afbe49870d8a34c0b224ac940da1fbf736617fcc81aa846884e377eddf8c1a0", size = 7870417, upload-time = "2026-08-31T01:50:21.881Z" },
    { url = "https://files.pythonhosted.org/packages/a9/d5/584cc4cf46a751f35fc086e9dca9962c05de2b37f95056f3653dc4736e19/ast_grep_cli-0.45.3-py3-none-manylinux_2_28_aarch64.whl", hash = "sha256:ced023ae9fbc7c779570cd8bcc0fa7626d9561afd60369d3c335bfce2ca565b3", size = 7752458, upload-time = "2026-08-31T01:50:23.52Z" },
    { url = "https://files.pythonhosted.org/packages/c2/20/1445bff6593d492c31904fe309c157cb16bcb73cfd30b4a55718acef5cb1/ast_grep_cli-0.45.3-py3-none-manylinux_2_28_x86_64.whl", hash = "sha256:2d151b89c6d45c2640338fe5d24b2ee0810224902d603cb271803bf7418054ea", size = 8027608, upload-time = "2026-08-31T01:50:25.179Z" },
    { url = "https://files.pythonhosted.org/packages/2e/da/03562d9c4994d756d7fa7b751f7e92f4218d96fd86bdd27a5fe7be63e4d8/ast_grep_cli-0.45.3-py3-none-win32.whl", hash = "sha256:b96c897dc44052c7b1d08ba6086d0c270fe89d37645e38f08e2d4fa15948ea3c", size = 14970295, upload-time = "2026-08-31T01:50:27.325Z" },
    { url = "https://files.pythonhosted.org/packages/b2/cc/a8d5a4039470b58a4b0a5ce9826975796ff091539849984f04a0ac98582f/ast_grep_cli-0.45.3-py3-none-win_amd64.whl", hash = "sha256:13dfb43b2028bb585f41b2f399e8b30bf0310e9bbeff2369d60a2e36accbb2e6", size = 15914271, upload-time = "2026-08-31T01:50:30.211Z" },
    { url = "https://files.pythonhosted.org/packages/ec/8e/bb893d035ee6349a07287f83b471fc54b067c2c61b34dd6c9e2072a7064f/ast_grep_cli-0.45.3-py3-none-win_arm64.whl", hash = "sha256:6c4222e17ac7a9e23c839b6eefb3a7858349e7a37a704acd451c266beadf75b4", size = 15293472, upload-time = "2026-08-31T02:27:05.122Z" },
]

[[package]]
name = "dev-tools"
version = "0.0.0"
source = { virtual = "." }

[package.dev-dependencies]
dev = [
    { name = "actionlint-py" },
    { name = "ast-grep-cli" },
    { name = "prek" },
    { name = "ruff" },
    { name = "rumdl" },
    { name = "shellcheck-py" },
    { name = "typos" },
    { name = "zizmor" },
]

[package.metadata]

[package.metadata.requires-dev]
dev = [
    { name = "actionlint-py", specifier = "==1.7.12.25" },
    { name = "ast-grep-cli", specifier = "==0.45.3" },
    { name = "prek", specifier = "==0.5.3" },
    { name = "ruff", specifier = "==0.16.9" },
    { name = "rumdl", specifier = "==0.2.76" },
    { name = "shellcheck-py", specifier = "==0.11.0.1" },
    { name = "typos", specifier = "==1.50.2" },
    { name = "zizmor", specifier = "==1.30.1" },
]

[[package]]
name = "prek"
version = "0.5.3"
source = { registry = "https://pypi.org/simple" }
sdist = { url = "https://files.pythonhosted.org/packages/54/93/d1e5afc996b9fde04d71c37fd28bdd404e54daf1da6c76b883c5cdbdb411/prek-0.5.3.tar.gz", hash = "sha256:06d88bed9a5b2886cd3796957e4cecf05fa9b06724b625df31dbf0a48ff2330c", size = 551929, upload-time = "2026-09-13T08:38:37.823Z" }
wheels = [
    { url = "https://files.pythonhosted.org/packages/db/5d/8731dc49cb5424d37424db3ea2f3ff6a0b20caa971db72796e822ce48b24/prek-0.5.3-py3-none-macosx_10_12_x86_64.whl", hash = "sha256:2d7240c5e6a996ef5bebe5d57d43049803e41c225b343681c020bf0c87dab2b2", size = 6003518, upload-time = "2026-09-13T08:38:20.584Z" },
    { url = "https://files.pythonhosted.org/packages/51/45/ca413aefb3ea2411bbf0adb6eebfac1e9bfc5ac7679dbe26336fc651c347/prek-0.5.3-py3-none-macosx_11_0_arm64.whl", hash = "sha256:1dd6df8235ca361dbbeec89c305ccb41a138088a2fc548484b4cb89f66a80d20", size = 5538754, upload-time = "2026-09-13T08:38:23.004Z" },
    { url = "https://files.pythonhosted.org/packages/dc/92/874d58ba40d2fe7cfec2789ae8bf415f3751666ad5c59928821fe53c3c01/prek-0.5.3-py3-none-manylinux_2_17_aarch64.manylinux2014_aarch64.musllinux_1_1_aarch64.whl", hash = "sha256:61ff791bb850ba52cc0d86576498df7e1bd1e9ed20df63dae113a4a6aa495e19", size = 5841568, upload-time = "2026-09-13T08:38:25.008Z" },
    { url = "https://files.pythonhosted.org/packages/8f/40/167037b8eef75f6f036c60ff7e93f42defebb7c3733677e2f30e5a479257/prek-0.5.3-py3-none-manylinux_2_17_x86_64.manylinux2014_x86_64.whl", hash = "sha256:a863379a2668c4ef079d820ffd5b14073145380dfbe0e70fef498dc73c568f86", size = 6226960, upload-time = "2026-09-13T08:38:26.788Z" },
    { url = "https://files.pythonhosted.org/packages/42/9a/bfcd3c1fe1fdefee8dc144a92c4b0b93b59f31c7df60ee1720c49223a90a/prek-0.5.3-py3-none-manylinux_2_28_aarch64.whl", hash = "sha256:086d1b77557f0a089568dc5b93c22ccd793351524f3eeb29d36781421a350e72", size = 5854832, upload-time = "2026-09-13T08:38:28.954Z" },
    { url = "https://files.pythonhosted.org/packages/15/41/1450b995b18bbf0d8ab65016860198052baad5c79c231151fa1dcca4a2de/prek-0.5.3-py3-none-musllinux_1_1_x86_64.whl", hash = "sha256:4f09b947255124e9591a7f7ef16eb5340a36ba94a275d788d7ea804fab35f0e2", size = 6343055, upload-time = "2026-09-13T08:38:30.96Z" },
    { url = "https://files.pythonhosted.org/packages/9c/e8/8f45950b8a8ddcf22efc7183e9d6b1d7e30373229ff7d9e56f918a55922c/prek-0.5.3-py3-none-win_amd64.whl", hash = "sha256:5b74a9742c3e8f8688d5dad1439688f112e2e1746fcb91016015dae38df3eb42", size = 5744293, upload-time = "2026-09-13T08:38:33.104Z" },
    { url = "https://files.pythonhosted.org/packages/24/cd/ce637f4b6cc6c583516dc16b539408dab593672f7c6fe7723a37caf378ff/prek-0.5.3-py3-none-win_arm64.whl", hash = "sha256:20d92aef53a5e237f4659ecc6669c0fbc98a1b83f0e2476530400a72d42ca390", size = 5512958, upload-time = "2026-09-13T08:38:36.123Z" },
]

[[package]]
name = "ruff"
version = "0.16.9"
source = { registry = "https://pypi.org/simple" }
sdist = { url = "https://files.pythonhosted.org/packages/96/bf/c935ca98e73fe8ce65b87ef08a280c0c1e85295d569228c15e87d8fdfaf1/ruff-0.16.9.tar.gz", hash = "sha256:12b625c6cfba78d285d9f48eda5f053374f1e53cb10ef17342a383750db99161", size = 4948764, upload-time = "2026-09-24T20:37:49.416Z" }
wheels = [
    { url = "https://files.pythonhosted.org/packages/0d/26/df51322b52ee1ada7eff2d071ea09d11d5c2d1dcc9f02594f5785c4d1635/ruff-0.16.9-py3-none-linux_armv6l.whl", hash = "sha256:95e6f022090368ab3b824c36276839c53b2adf1a3f4c09fefc33dfc400f6da96", size = 10082922, upload-time = "2026-09-24T20:37:13.045Z" },
    { url = "https://files.pythonhosted.org/packages/a5/27/7bf51f5a7aa375e9f339280a303aab44ca75dc1525f1cdc5991761685b0f/ruff-0.16.9-py3-none-macosx_10_12_x86_64.whl", hash = "sha256:a5f27be168556594a86d2f415db0cf43f5291917849318f873c7e2791f7a8c67", size = 10236360, upload-time = "2026-09-24T20:37:16.049Z" },
    { url = "https://files.pythonhosted.org/packages/b6/63/09659283f92f02dff45809da194a70da2f688d87c55d8875c4fae3536072/ruff-0.16.9-py3-none-macosx_11_0_arm64.whl", hash = "sha256:1632eb1d6197f33bd00b1acbc5b71009e89a8895c158e2d2b03a834fac964ab6", size = 9892940, upload-time = "2026-09-24T20:37:17.957Z" },
    { url = "https://files.pythonhosted.org/packages/24/58/98de1b72ec172f5f8f1731236fe21585b3998bf7dfe9fcc44ae9ba626012/ruff-0.16.9-py3-none-manylinux_2_17_aarch64.manylinux2014_aarch64.whl", hash = "sha256:b3f951b14d865d5952c89d40a5ca07e87abe24fa5453299878411e127748fb1c", size = 10032114, upload-time = "2026-09-24T20:37:19.942Z" },
    { url = "https://files.pythonhosted.org/packages/c8/7d/f1e17c54ab59d4bad1dce8ee3e22a7a1d0ef4745240decacdcf3832b5bb2/ruff-0.16.9-py3-none-manylinux_2_17_armv7l.manylinux2014_armv7l.whl", hash = "sha256:447fc07e1573afff7cb02803462b12b6c8ece7cf10e2cd78565fa6d7a1c0bf8d", size = 9910227, upload-time = "2026-09-24T20:37:21.872Z" },
    { url = "https://files.pythonhosted.org/packages/34/19/436f647a65075bbd3bab2668b3bdaa5120559b294694018cdcefabbbf30b/ruff-0.16.9-py3-none-manylinux_2_17_i686.manylinux2014_i686.whl", hash = "sha256:8a3e039a6a40ed976c491722b60e0ae4a4aa1a86057f540ee7a37a5d19ae9120", size = 10547484, upload-time = "2026-09-24T20:37:24.229Z" },
    { url = "https://files.pythonhosted.org/packages/03/59/38430a6bc2f6d8095447ac39625cf8b6e9344a47e6c26225c8ba1bff3ffb/ruff-0.16.9-py3-none-manylinux_2_17_ppc64le.manylinux2014_ppc64le.whl", hash = "sha256:4684dded7db60aa57cb118fa158630f5feade4af5782903b6053484bdf9bd129", size = 11412367, upload-time = "2026-09-24T20:37:26.307Z" },
    { url = "https://files.pythonhosted.org/packages/c8/bd/bbb6d7fc7f208c8b8c50dd5dc8206e4cfdb1e7a8fb852606a3adf370c880/ruff-0.16.9-py3-none-manylinux_2_17_s390x.manylinux2014_s390x.whl", hash = "sha256:d29c934357e45642fda2f34c0b1f4025b4a6c01e15e4bf0016879d60078a142c", size = 10869787, upload-time = "2026-09-24T20:37:28.35Z" },
    { url = "https://files.pythonhosted.org/packages/bc/b8/9c543074918061abbefc3bd139bee22de35abedb00dde0f2d27288838962/ruff-0.16.9-py3-none-manylinux_2_17_x86_64.manylinux2014_x86_64.whl", hash = "sha256:a21713e629d3e5bdb2f5c2def1cc7f04f47fa8e1a7eb0571b4a28e1da64bc728", size = 10406494, upload-time = "2026-09-24T20:37:30.624Z" },
    { url = "https://files.pythonhosted.org/packages/35/7a/5a8851bd146e7ccf8fd4b003f6c75c11f8fbdb0e60673b45097986b6bf41/ruff-0.16.9-py3-none-manylinux_2_31_riscv64.whl", hash = "sha256:7baa24ef5fc8e77aa93879e1d3f43754a01ae488e869f1ae30cf431afd4d2452", size = 10590083, upload-time = "2026-09-24T20:37:32.439Z" },
    { url = "https://files.pythonhosted.org/packages/87/f0/4c3467188f23f806960b46fa76575a7cd0514c9ba90562650b71efc96980/ruff-0.16.9-py3-none-musllinux_1_2_aarch64.whl", hash = "sha256:a41aac6230aadfaa133bdfa1614488531ffa3e0837567ae04c0da2058a9c0f9e", size = 10119151, upload-time = "2026-09-24T20:37:34.581Z" },
    { url = "https://files.pythonhosted.org/packages/15/34/5a4def5adea572ce6aea0bb64f21f928ee317b80e0db747d7979b01d7261/ruff-0.16.9-py3-none-musllinux_1_2_armv7l.whl", hash = "sha256:c2529fb5896d49115b0e9aa8f887490b34bbe76baf879ec2264ac59406869ce7", size = 9911544, upload-time = "2026-09-24T20:37:36.796Z" },
    { url = "https://files.pythonhosted.org/packages/62/5d/d15ebea7499eef9373318c0ee6ca127832927c6529731f6d48e18dce7ca9/ruff-0.16.9-py3-none-musllinux_1_2_i686.whl", hash = "sha256:41e3870277694177429b56406d65dfbdb2c2802c52b715edaf6a0b829c69d4ee", size = 10269884, upload-time = "2026-09-24T20:37:38.857Z" },
    { url = "https://files.pythonhosted.org/packages/d1/56/c5d3cd119ded7a3c7aba0e961b69cb3df701c91662c98ad694467d060ce1/ruff-0.16.9-py3-none-musllinux_1_2_x86_64.whl", hash = "sha256:8adbe4e58af167f767d7b2ba5e83c42e878350796cf78c2f5e14ab9903a92588", size = 10749366, upload-time = "2026-09-24T20:37:41.042Z" },
    { url = "https://files.pythonhosted.org/packages/ac/fe/734ec7527029ac757ecf821f143c9f3fcf69149c21f53a044a899b430f5a/ruff-0.16.9-py3-none-win32.whl", hash = "sha256:0e1dbc2073624dee6618d41d0098690a7244654af746704b64759e12b6b6b385", size = 10152355, upload-time = "2026-09-24T20:37:43.025Z" },
    { url = "https://files.pythonhosted.org/packages/14/21/26e4643629b3ebb44f0a06f9c9a53058d63d989415f63a9a3c28e2ee7f22/ruff-0.16.9-py3-none-win_amd64.whl", hash = "sha256:6bd40fec8cd4c8a3d4dd589bd8ad4e6320c13c29234159bfd959a40d529d597b", size = 10592965, upload-time = "2026-09-24T20:37:44.944Z" },
    { url = "https://files.pythonhosted.org/packages/51/60/5fb1a39dbb5ae314d5f59bc7348a63c1d5c20f3cd83914c4b5cb0be31d2d/ruff-0.16.9-py3-none-win_arm64.whl", hash = "sha256:ed1a252039200f57a59eebc063b54beabea67bfbaaca0eeaa7f54b5fbcda2284", size = 10458649, upload-time = "2026-09-24T20:37:46.882Z" },
]

[[package]]
name = "rumdl"
version = "0.2.76"
source = { registry = "https://pypi.org/simple" }
sdist = { url = "https://files.pythonhosted.org/packages/75/75/e68c6ca5cc014e8efbc8ad56d7331affb0c9444e865c9035f0a0347a43b9/rumdl-0.2.76.tar.gz", hash = "sha256:34110a6cdd3ea1b8bc6388880caa062dc696d803ea6c3bf082d76df632c281de", size = 4870970, upload-time = "2026-09-23T01:24:12.485Z" }
wheels = [
    { url = "https://files.pythonhosted.org/packages/2f/3e/aac90da704e35db9a6cb672ec64656b0b6ae08ff33bc4e4e43561f21eba6/rumdl-0.2.76-py3-none-macosx_10_12_x86_64.whl", hash = "sha256:0a91f5870e877d0fee4f476c1899c2ba9ecd53017e4a5377b239deb6376ddeb6", size = 7422693, upload-time = "2026-09-23T08:25:13.057Z" },
    { url = "https://files.pythonhosted.org/packages/fe/b7/bf5d9534c1b918d22a4426af0247dc8c73e001bd635c0bbb623ee97a1e77/rumdl-0.2.76-py3-none-macosx_11_0_arm64.whl", hash = "sha256:036d9c3dfeb075a119d6e8855f66dd9432a7a9352f32f71008480aa1af21e4ea", size = 6995958, upload-time = "2026-09-23T08:25:07.425Z" },
    { url = "https://files.pythonhosted.org/packages/dc/c4/87a92ec9ecbb703800d8f42e61abb8fae8e76601c64f50a1f598683be935/rumdl-0.2.76-py3-none-manylinux_2_28_aarch64.whl", hash = "sha256:4f123c4bd48f6a96826be35f5fa7773a3b22d01cf0420af42b444a1607d1a42a", size = 7161527, upload-time = "2026-09-23T08:25:09.35Z" },
    { url = "https://files.pythonhosted.org/packages/bb/40/293f59a6149112a9e602f221a678d44ff726c2b4afb55658751c820f687d/rumdl-0.2.76-py3-none-manylinux_2_28_x86_64.whl", hash = "sha256:ab6fa0e30b1e10f37d4bb877cbf0a9e2fd714a82f3890d3c972f6f7f166272c1", size = 7643390, upload-time = "2026-09-23T08:25:16.724Z" },
    { url = "https://files.pythonhosted.org/packages/ca/cf/cdd916a1b9e1935cb6d2433cc0171ec83b7ca086678e44d465c1a17a04b2/rumdl-0.2.76-py3-none-musllinux_1_2_aarch64.whl", hash = "sha256:a552471504892705eb7b9b6c9da77617a2e3b39108aa9a8144319945082188e7", size = 7132321, upload-time = "2026-09-23T08:25:11.141Z" },
    { url = "https://files.pythonhosted.org/packages/44/9e/1fd8ef693c106596831d5c18bc5643be214ad0f8d84e8976cdbdd26da209/rumdl-0.2.76-py3-none-musllinux_1_2_x86_64.whl", hash = "sha256:3a703fa1aa80a0af5ecc92886f7d26fec10a815fc663830de2ceedc1ad9714ef", size = 7587892, upload-time = "2026-09-23T08:25:18.638Z" },
    { url = "https://files.pythonhosted.org/packages/79/0d/72f35ff00297286711caa0d42eb1ae45d1be23a8f79557309672f356a7f5/rumdl-0.2.76-py3-none-win_amd64.whl", hash = "sha256:31a1c7a08bc0b532baf8339787d46822bdc0331152e417d4dd89a55e50ce5763", size = 7596605, upload-time = "2026-09-23T08:25:14.78Z" },
]

[[package]]
name = "shellcheck-py"
version = "0.11.0.1"
source = { registry = "https://pypi.org/simple" }
sdist = { url = "https://files.pythonhosted.org/packages/df/55/455b097417b3df3d330eff029c72c32f08b25739e3010acb30ad06d268ef/shellcheck_py-0.11.0.1.tar.gz", hash = "sha256:5c620c88901e8f1d3be5934b31ea99e3310065e1245253741eafd0a275c8c9cc", size = 3139, upload-time = "2025-08-09T17:53:42.492Z" }
wheels = [
    { url = "https://files.pythonhosted.org/packages/54/27/d75b03e5458cefdb6d3b674566cd20476c3e4d3fe6cc9d68b7e3b854b296/shellcheck_py-0.11.0.1-py2.py3-none-macosx_10_9_x86_64.whl", hash = "sha256:b6a3fee28efda2e16e38d6e6d59faf7224300256456639727370d404730849e8", size = 6774472, upload-time = "2025-08-09T17:53:34.573Z" },
    { url = "https://files.pythonhosted.org/packages/61/ac/2a84c37171c0cf5a10ea4b0a27d43eb0a1d29bd98b49c2c5ffe17ad24bbe/shellcheck_py-0.11.0.1-py2.py3-none-macosx_11_0_arm64.whl", hash = "sha256:6b88d0a244c82ed07e06a53e444da841f69330ca59ae15d4a66c391655dae7a0", size = 11381835, upload-time = "2025-08-09T17:53:36.852Z" },
    { url = "https://files.pythonhosted.org/packages/96/55/250e0e3367613a5c22bd82e33b16b889287d81ab0f7dda67e6514a4cccf4/shellcheck_py-0.11.0.1-py2.py3-none-manylinux1_x86_64.manylinux2014_x86_64.manylinux_2_17_x86_64.manylinux_2_5_x86_64.whl", hash = "sha256:1b274df81de5b000ff78db433e7328b87e52e3c38481c60f8e488c3095beef05", size = 3800600, upload-time = "2025-08-09T17:53:38.643Z" },
    { url = "https://files.pythonhosted.org/packages/15/5b/bb14c0a7474463b1aa3c09e866cb172dffc66ed2993b7ea8f1db581e86ee/shellcheck_py-0.11.0.1-py2.py3-none-win_amd64.whl", hash = "sha256:784156289ecb17e91c692cd783ab5152333309588cabb10032a047331c63e759", size = 8027541, upload-time = "2025-08-09T17:53:40.889Z" },
]

[[package]]
name = "typos"
version = "1.50.2"
source = { registry = "https://pypi.org/simple" }
sdist = { url = "https://files.pythonhosted.org/packages/9f/f1/34819984332007cd897c8b3ff6612fca4162c1d840c6b97ca6e4bca14882/typos-1.50.2.tar.gz", hash = "sha256:3323df228ee42338e8eaefd321da4973978c70684f3285c5136b39d3bde5b0e3", size = 1855161, upload-time = "2026-09-15T13:49:56.13Z" }
wheels = [
    { url = "https://files.pythonhosted.org/packages/e6/ec/685bf28bcda9b310704f6f301b0e95ad194318a2d4d87e0816de3cf31a8b/typos-1.50.2-py3-none-macosx_10_12_x86_64.whl", hash = "sha256:85f576c9d7a82b8b1bc56aa8afb67e57e464e4f06240e47588ba17703e40618d", size = 3443185, upload-time = "2026-09-15T13:49:42.671Z" },
    { url = "https://files.pythonhosted.org/packages/5b/6e/1d5c55c1615ca11f32553dfb2a4e987be1738c78718fafa6bd3d276b7aaa/typos-1.50.2-py3-none-macosx_11_0_arm64.whl", hash = "sha256:dc31974f537beb62de7ba565c051b2a8a4a273420a98ff863be308951d212d2f", size = 3350952, upload-time = "2026-09-15T13:49:44.329Z" },
    { url = "https://files.pythonhosted.org/packages/74/22/da8a5a1aa8b8ef35c9cad91122d2a2b20795e64aa23555ac8ca39b85e71f/typos-1.50.2-py3-none-manylinux_2_17_aarch64.manylinux2014_aarch64.whl", hash = "sha256:0e7277cccda66d70d1fd49decb5518c7ad7e3b261e05cd96bc3fcd7d1c73a820", size = 8301748, upload-time = "2026-09-15T13:49:46.15Z" },
    { url = "https://files.pythonhosted.org/packages/9a/f9/2a02e76cbc758d6ae083b878488826015daa307585a6c6695e25f79439e6/typos-1.50.2-py3-none-manylinux_2_17_i686.manylinux2014_i686.whl", hash = "sha256:380f2c4c114ed1b46481eb14d050dd1a056eb17fec585dd72b4766b8ba60242f", size = 7372364, upload-time = "2026-09-15T13:49:47.621Z" },
    { url = "https://files.pythonhosted.org/packages/00/03/5acc91acd1009eabc885578cc71b1246cd008bbe5fafe16bbb0374844024/typos-1.50.2-py3-none-manylinux_2_17_x86_64.manylinux2014_x86_64.whl", hash = "sha256:3d962e69c10834aef71a90f5f53ce653e67fcf96b815423a809a16bdad53ba2d", size = 7814826, upload-time = "2026-09-15T13:49:48.936Z" },
    { url = "https://files.pythonhosted.org/packages/3f/b9/9c62492850758f4942889530acd8ef3aa5e88d5c6705a325de9706e3e6f6/typos-1.50.2-py3-none-musllinux_1_2_aarch64.whl", hash = "sha256:61610f620dcc376f6aad9d5c5e254f2e2fc96ecd88cda87ed32d67191edcf563", size = 7148899, upload-time = "2026-09-15T13:49:50.517Z" },
    { url = "https://files.pythonhosted.org/packages/12/86/c66efde3e31f5ab7dc59e703045ea75b0446fe9fa1b7a318ea3675a9ebf8/typos-1.50.2-py3-none-musllinux_1_2_x86_64.whl", hash = "sha256:08e44e337db8f8a5c8a9af4d9764f569171c81cfbe1a5e1c51aeb2dbea678dca", size = 8203074, upload-time = "2026-09-15T13:49:52.161Z" },
    { url = "https://files.pythonhosted.org/packages/3f/4e/da254036ae19bba9b94cfee413fddc71d5fe0d1a2bff976f670d8027c97a/typos-1.50.2-py3-none-win32.whl", hash = "sha256:adacc8ea43cf2eb0dfea3c6aa30ef094b2bd617f4655f7b05c3ec9782b958717", size = 3170066, upload-time = "2026-09-15T13:49:53.618Z" },
    { url = "https://files.pythonhosted.org/packages/2a/e9/d47467641f9a59d6f0cd7067c59b28b0c14415a6896ef0c57b1cef8da0ac/typos-1.50.2-py3-none-win_amd64.whl", hash = "sha256:f86d0b87e495689f166c0eb8c3c518597c5efe75314d7b9339a4030683a6f6f9", size = 3347168, upload-time = "2026-09-15T13:49:54.824Z" },
]

[[package]]
name = "zizmor"
version = "1.30.1"
source = { registry = "https://pypi.org/simple" }
sdist = { url = "https://files.pythonhosted.org/packages/a7/c5/3d3dc61c0b64c082e1f704f5cf44f6a38153adbccf8787dd06a1a0ed14e0/zizmor-1.30.1.tar.gz", hash = "sha256:cbb7e5cb2fec471066d5c326bcaa69ed3eefdcf6a76d7ad38335b924acf86c07", size = 575745, upload-time = "2026-09-09T05:27:21.325Z" }
wheels = [
    { url = "https://files.pythonhosted.org/packages/22/a1/a877361a6c6ae13fb0ff4ed3c9d681ccddb9c838c5c3ca8f163a0fcfded9/zizmor-1.30.1-py3-none-macosx_10_12_x86_64.whl", hash = "sha256:17fda74e15fe41a6aa354ea4cf71fc7ff3cd025cda6584bb6d7466b3f1d00fe6", size = 9148491, upload-time = "2026-09-09T05:26:58.842Z" },
    { url = "https://files.pythonhosted.org/packages/eb/0e/ea44a8f466b9a080dc0634497f6c9ee63dd586a94f5e2cd743e06c4df140/zizmor-1.30.1-py3-none-macosx_11_0_arm64.whl", hash = "sha256:f9eb092f089e35fa9fb3b70aeec0a19eca7dacf2ab161f1d50b18351895f085c", size = 8743712, upload-time = "2026-09-09T05:27:01.342Z" },
    { url = "https://files.pythonhosted.org/packages/37/9c/43764a6e9eb5ad5a332202afc3e63622e3380669ecf7079b6b0de892e474/zizmor-1.30.1-py3-none-manylinux_2_24_aarch64.whl", hash = "sha256:92906f448365672ebb657fb50d36f997290a3aaba8cac723214741ea9054845d", size = 9009843, upload-time = "2026-09-09T05:27:03.522Z" },
    { url = "https://files.pythonhosted.org/packages/cf/2d/96c9c7b37e46e2b092e5daac3c6e9d4966ed7b58845f3f04950043d89c34/zizmor-1.30.1-py3-none-manylinux_2_28_armv7l.whl", hash = "sha256:5e8a3d54c3d9d51307371f4d1d49f8f9e56de00205c6cc660c6846a95ad4e135", size = 8620204, upload-time = "2026-09-09T05:27:06.001Z" },
    { url = "https://files.pythonhosted.org/packages/63/55/1900b53d34dcebc207cf3ceb7957b3748e8bb40958f062e3853ab72f2395/zizmor-1.30.1-py3-none-manylinux_2_28_x86_64.whl", hash = "sha256:eee12266b793cb87ad4a7e3af2e72404f8a63e3de5eb099b80bf7b1cfd232a8e", size = 9467893, upload-time = "2026-09-09T05:27:08.07Z" },
    { url = "https://files.pythonhosted.org/packages/9b/aa/d998bbdebf1f40e0d3dd027f94bceb961065640b29bc82bf5ffa9266fdb9/zizmor-1.30.1-py3-none-musllinux_1_2_aarch64.whl", hash = "sha256:15679642e8c4f825ba3f22537c698b1bbbad19ead23640f62ec45ebbe7abc803", size = 9038587, upload-time = "2026-09-09T05:27:10.226Z" },
    { url = "https://files.pythonhosted.org/packages/e0/16/0512afae720fd4b7e22bbb6f5bdd24fad49d6b1b92cd34ac71e0d8076109/zizmor-1.30.1-py3-none-musllinux_1_2_armv7l.whl", hash = "sha256:bf63099a27ef3bf1329dbab44bb9d1027124855c71bd0eca864d5c8e1c5c0db1", size = 8583701, upload-time = "2026-09-09T05:27:12.73Z" },
    { url = "https://files.pythonhosted.org/packages/ca/ff/72efacfb79177835609fe712e9d543a0e5a05d41e3774e907f0b610c8619/zizmor-1.30.1-py3-none-musllinux_1_2_x86_64.whl", hash = "sha256:4a5ef2fa4fbd2984f794cfc2f95790bd03fa0bae801487ed550e044675874e60", size = 9558806, upload-time = "2026-09-09T05:27:15.124Z" },
    { url = "https://files.pythonhosted.org/packages/bb/64/1746121c819319ad7e9d0dfaa96de38dc52d4ac5f6485472b11362f3c6ba/zizmor-1.30.1-py3-none-win32.whl", hash = "sha256:42512bb4a1bce4c787d221d1572ff6b691fa52a3d129b2910be8afaf860c5871", size = 7773805, upload-time = "2026-09-09T05:27:17.218Z" },
    { url = "https://files.pythonhosted.org/packages/db/fe/2889fcbcf7728dd5e013bae7cf5c4e634d981a9e26d55e1da6ab9006404f/zizmor-1.30.1-py3-none-win_amd64.whl", hash = "sha256:06e039fae8e185e2a1a8b002f2d95a6f5c3b548048bdd79e004dcb501fcd0868", size = 8925696, upload-time = "2026-09-09T05:27:19.159Z" },
]
